<?xml version="1.0" encoding="utf-8"?>
<Project ToolsVersion="4.0" xmlns="http://schemas.microsoft.com/developer/msbuild/2003">
  <ItemGroup>
    <Filter Include="Pliki źródłowe">
      <UniqueIdentifier>{4FC737F1-C7A5-4376-A066-2A32D752A2FF}</UniqueIdentifier>
      <Extensions>cpp;c;cc;cxx;c++;cppm;ixx;def;odl;idl;hpj;bat;asm;asmx</Extensions>
    </Filter>
    <Filter Include="Pliki nagłówkowe">
      <UniqueIdentifier>{93995380-89BD-4b04-88EB-625FBE52EBFB}</UniqueIdentifier>
      <Extensions>h;hh;hpp;hxx;h++;hm;inl;inc;ipp;xsd</Extensions>
    </Filter>
    <Filter Include="Pliki zasobów">
      <UniqueIdentifier>{67DA6AB6-F800-4c08-8B7A-83BB121AAD01}</UniqueIdentifier>
      <Extensions>rc;ico;cur;bmp;dlg;rc2;rct;bin;rgs;gif;jpg;jpeg;jpe;resx;tiff;tif;png;wav;mfcribbon-ms</Extensions>
    </Filter>
    <Filter Include="Pliki źródłowe\export">
      <UniqueIdentifier>{b787e707-8dbe-433d-bae0-a317624f1e34}</UniqueIdentifier>
    </Filter>
    <Filter Include="Pliki nagłówkowe\export">
      <UniqueIdentifier>{386ab89a-d361-4c00-b17e-e54f0be324a2}</UniqueIdentifier>
    </Filter>
    <Filter Include="Pliki nagłówkowe\objects">
      <UniqueIdentifier>{f130457e-c0f1-473b-ab56-51150746d784}</UniqueIdentifier>
    </Filter>
    <Filter Include="Pliki nagłówkowe\macros">
      <UniqueIdentifier>{be08dec5-29c6-4fc2-a57d-b40aba5d9912}</UniqueIdentifier>
    </Filter>
    <Filter Include="Pliki nagłówkowe\domain">
      <UniqueIdentifier>{6c2f50c1-482a-4571-88c2-88c74e810931}</UniqueIdentifier>
    </Filter>
    <Filter Include="Pliki nagłówkowe\objects\abstract">
      <UniqueIdentifier>{fd63d03f-47b6-41e4-bbaa-54d31e9ebc9f}</UniqueIdentifier>
    </Filter>
    <Filter Include="Pliki nagłówkowe\objects\shapes">
      <UniqueIdentifier>{a39a0521-e59e-4bd9-8a00-0ac68ca7d6cd}</UniqueIdentifier>
    </Filter>
    <Filter Include="Pliki źródłowe\domain">
      <UniqueIdentifier>{dc0b4ae9-1e54-4958-8a0f-741101d9a1d3}</UniqueIdentifier>
    </Filter>
    <Filter Include="Pliki źródłowe\domain\cameras">
      <UniqueIdentifier>{34340016-5833-42d6-882f-309bda1a6d28}</UniqueIdentifier>
    </Filter>
    <Filter Include="Pliki nagłówkowe\domain\cameras">
      <UniqueIdentifier>{20855d98-3f13-43fb-8cd3-b883f08cd277}</UniqueIdentifier>
    </Filter>
    <Filter Include="Pliki nagłówkowe\domain\colors">
      <UniqueIdentifier>{5b445dc8-3625-43df-b829-e0438121dbf3}</UniqueIdentifier>
    </Filter>
    <Filter Include="Pliki nagłówkowe\math">
      <UniqueIdentifier>{7853efab-81f5-45cb-a272-f07d377604b9}</UniqueIdentifier>
    </Filter>
  </ItemGroup>
  <ItemGroup>
    <ClCompile Include="Simple CPP Ray Tracer.cpp">
      <Filter>Pliki źródłowe</Filter>
    </ClCompile>
    <ClCompile Include="src\ppm.cpp">
      <Filter>Pliki źródłowe\export</Filter>
    </ClCompile>
    <ClCompile Include="src\Ray.cpp">
      <Filter>Pliki źródłowe\domain</Filter>
    </ClCompile>
    <ClCompile Include="src\RGB.cpp">
      <Filter>Pliki źródłowe\domain</Filter>
    </ClCompile>
    <ClCompile Include="src\Size.cpp">
      <Filter>Pliki źródłowe\domain</Filter>
    </ClCompile>
    <ClCompile Include="src\Vector2.cpp">
      <Filter>Pliki źródłowe\domain</Filter>
    </ClCompile>
    <ClCompile Include="src\Vector3.cpp">
      <Filter>Pliki źródłowe\domain</Filter>
    </ClCompile>
    <ClCompile Include="src\orthographicCamera.cpp">
      <Filter>Pliki źródłowe\domain\cameras</Filter>
    </ClCompile>
    <ClCompile Include="src\bmp.cpp">
      <Filter>Pliki źródłowe\export</Filter>
    </ClCompile>
    <ClCompile Include="src\rotation.cpp">
      <Filter>Pliki źródłowe\domain</Filter>
    </ClCompile>
    <ClCompile Include="src\Scene.cpp">
      <Filter>Pliki źródłowe</Filter>
    </ClCompile>
    <ClCompile Include="src\Sphere.cpp">
      <Filter>Pliki źródłowe</Filter>
    </ClCompile>
    <ClCompile Include="src\RangeRGB.cpp">
      <Filter>Pliki źródłowe</Filter>
    </ClCompile>
    <ClCompile Include="src\clamp.cpp">
      <Filter>Pliki źródłowe</Filter>
    </ClCompile>
  </ItemGroup>
  <ItemGroup>
    <ClInclude Include="src\ppm.hpp">
      <Filter>Pliki nagłówkowe\export</Filter>
    </ClInclude>
    <ClInclude Include="src\defines.hpp">
      <Filter>Pliki nagłówkowe\macros</Filter>
    </ClInclude>
    <ClInclude Include="src\types.hpp">
      <Filter>Pliki nagłówkowe\macros</Filter>
    </ClInclude>
    <ClInclude Include="src\CameraInfo.hpp">
      <Filter>Pliki nagłówkowe\domain</Filter>
    </ClInclude>
    <ClInclude Include="src\Ray.hpp">
      <Filter>Pliki nagłówkowe\domain</Filter>
    </ClInclude>
    <ClInclude Include="src\Scene.hpp">
      <Filter>Pliki nagłówkowe\domain</Filter>
    </ClInclude>
    <ClInclude Include="src\Size.hpp">
      <Filter>Pliki nagłówkowe\domain</Filter>
    </ClInclude>
    <ClInclude Include="src\GeometricObject.hpp">
      <Filter>Pliki nagłówkowe\objects\abstract</Filter>
    </ClInclude>
    <ClInclude Include="src\Object.hpp">
      <Filter>Pliki nagłówkowe\objects\abstract</Filter>
    </ClInclude>
    <ClInclude Include="src\RotateableObject.hpp">
      <Filter>Pliki nagłówkowe\objects\abstract</Filter>
    </ClInclude>
    <ClInclude Include="src\Sphere.hpp">
      <Filter>Pliki nagłówkowe\objects\shapes</Filter>
    </ClInclude>
    <ClInclude Include="src\bmp.hpp">
      <Filter>Pliki nagłówkowe\export</Filter>
    </ClInclude>
    <ClInclude Include="src\orthographicCamera.hpp">
      <Filter>Pliki nagłówkowe\domain\cameras</Filter>
    </ClInclude>
    <ClInclude Include="src\PerfectDiffuseMaterial.hpp">
      <Filter>Pliki nagłówkowe</Filter>
    </ClInclude>
    <ClInclude Include="src\Material.hpp">
      <Filter>Pliki nagłówkowe</Filter>
    </ClInclude>
    <ClInclude Include="src\Light.hpp">
      <Filter>Pliki nagłówkowe</Filter>
    </ClInclude>
    <ClInclude Include="src\PointLight.hpp">
      <Filter>Pliki nagłówkowe</Filter>
    </ClInclude>
    <ClInclude Include="src\RGB.hpp">
      <Filter>Pliki nagłówkowe\domain\colors</Filter>
    </ClInclude>
    <ClInclude Include="src\RangeRGB.hpp">
      <Filter>Pliki nagłówkowe\domain\colors</Filter>
    </ClInclude>
    <ClInclude Include="src\Vector2.hpp">
      <Filter>Pliki nagłówkowe\math</Filter>
    </ClInclude>
    <ClInclude Include="src\Vector3.hpp">
      <Filter>Pliki nagłówkowe\math</Filter>
    </ClInclude>
    <ClInclude Include="src\rotation.hpp">
      <Filter>Pliki nagłówkowe\math</Filter>
    </ClInclude>
    <ClInclude Include="src\clamp.hpp">
      <Filter>Pliki nagłówkowe\math</Filter>
    </ClInclude>
  </ItemGroup>
</Project>