<?xml version="1.0" encoding="utf-8"?>
<Project ToolsVersion="4.0" xmlns="http://schemas.microsoft.com/developer/msbuild/2003">
  <ItemGroup>
    <Filter Include="Pliki źródłowe">
      <UniqueIdentifier>{4FC737F1-C7A5-4376-A066-2A32D752A2FF}</UniqueIdentifier>
      <Extensions>cpp;c;cc;cxx;c++;cppm;ixx;def;odl;idl;hpj;bat;asm;asmx</Extensions>
    </Filter>
    <Filter Include="Pliki nagłówkowe">
      <UniqueIdentifier>{93995380-89BD-4b04-88EB-625FBE52EBFB}</UniqueIdentifier>
      <Extensions>h;hh;hpp;hxx;h++;hm;inl;inc;ipp;xsd</Extensions>
    </Filter>
    <Filter Include="Pliki zasobów">
      <UniqueIdentifier>{67DA6AB6-F800-4c08-8B7A-83BB121AAD01}</UniqueIdentifier>
      <Extensions>rc;ico;cur;bmp;dlg;rc2;rct;bin;rgs;gif;jpg;jpeg;jpe;resx;tiff;tif;png;wav;mfcribbon-ms</Extensions>
    </Filter>
    <Filter Include="Pliki źródłowe\export">
      <UniqueIdentifier>{b787e707-8dbe-433d-bae0-a317624f1e34}</UniqueIdentifier>
    </Filter>
    <Filter Include="Pliki nagłówkowe\export">
      <UniqueIdentifier>{386ab89a-d361-4c00-b17e-e54f0be324a2}</UniqueIdentifier>
    </Filter>
    <Filter Include="Pliki nagłówkowe\objects">
      <UniqueIdentifier>{f130457e-c0f1-473b-ab56-51150746d784}</UniqueIdentifier>
    </Filter>
  </ItemGroup>
  <ItemGroup>
    <ClCompile Include="Simple CPP Ray Tracer.cpp">
      <Filter>Pliki źródłowe</Filter>
    </ClCompile>
    <ClCompile Include="vector\vector3.cpp">
      <Filter>Pliki źródłowe</Filter>
    </ClCompile>
    <ClCompile Include="color\color.cpp">
      <Filter>Pliki źródłowe</Filter>
    </ClCompile>
    <ClCompile Include="exporter\ppm.cpp">
      <Filter>Pliki źródłowe\export</Filter>
    </ClCompile>
  </ItemGroup>
  <ItemGroup>
    <ClInclude Include="vector\vector3.hpp">
      <Filter>Pliki nagłówkowe</Filter>
    </ClInclude>
    <ClInclude Include="color\color.hpp">
      <Filter>Pliki nagłówkowe</Filter>
    </ClInclude>
    <ClInclude Include="exporter\ppm.hpp">
      <Filter>Pliki nagłówkowe\export</Filter>
    </ClInclude>
    <ClInclude Include="Object.hpp">
      <Filter>Pliki nagłówkowe\objects</Filter>
    </ClInclude>
    <ClInclude Include="Camera.hpp">
      <Filter>Pliki nagłówkowe\objects</Filter>
    </ClInclude>
    <ClInclude Include="OrthographicCamera.hpp">
      <Filter>Pliki nagłówkowe\objects</Filter>
    </ClInclude>
    <ClInclude Include="GeometricObject.hpp">
      <Filter>Pliki nagłówkowe\objects</Filter>
    </ClInclude>
    <ClInclude Include="types.hpp">
      <Filter>Pliki nagłówkowe</Filter>
    </ClInclude>
    <ClInclude Include="Sphere.hpp">
      <Filter>Pliki nagłówkowe\objects</Filter>
    </ClInclude>
  </ItemGroup>
</Project>